
Microsoft Visual Studio Solution File, Format Version 12.00
# Visual Studio Version 16
VisualStudioVersion = 16.0.31702.278
MinimumVisualStudioVersion = 10.0.40219.1
Project("{FAE04EC0-301F-11D3-BF4B-00C04F79EFBC}") = "Nikita_Tanks", "Nikita_Tanks\Nikita_Tanks.csproj", "{34AE986D-0EBE-48E6-8D20-33360CECB885}"
EndProject
Global
	GlobalSection(SolutionConfigurationPlatforms) = preSolution
		Debug|Any CPU = Debug|Any CPU
		Release|Any CPU = Release|Any CPU
	EndGlobalSection
	GlobalSection(ProjectConfigurationPlatforms) = postSolution
		{34AE986D-0EBE-48E6-8D20-33360CECB885}.Debug|Any CPU.ActiveCfg = Debug|Any CPU
		{34AE986D-0EBE-48E6-8D20-33360CECB885}.Debug|Any CPU.Build.0 = Debug|Any CPU
		{34AE986D-0EBE-48E6-8D20-33360CECB885}.Release|Any CPU.ActiveCfg = Release|Any CPU
		{34AE986D-0EBE-48E6-8D20-33360CECB885}.Release|Any CPU.Build.0 = Release|Any CPU
	EndGlobalSection
	GlobalSection(SolutionProperties) = preSolution
		HideSolutionNode = FALSE
	EndGlobalSection
	GlobalSection(ExtensibilityGlobals) = postSolution
		SolutionGuid = {B6E0CC9D-308A-4AD3-9426-501FBFDA9FFF}
	EndGlobalSection
EndGlobal
